# This file is generated by running "yarn install" inside your project.
# Manual changes might be lost - proceed with caution!

__metadata:
  version: 6

"solgar.io@workspace:.":
  version: 0.0.0-use.local
  resolution: "solgar.io@workspace:."
  languageName: unknown
  linkType: soft

"unrelated-js-package@workspace:^, unrelated-js-package@workspace:packages/unrelated-js-package":
  version: 0.0.0-use.local
  resolution: "unrelated-js-package@workspace:packages/unrelated-js-package"
  languageName: unknown
  linkType: soft

"unrelated-js-project@workspace:apps/unrelated-js-project":
  version: 0.0.0-use.local
  resolution: "unrelated-js-project@workspace:apps/unrelated-js-project"
  dependencies:
    unrelated-js-package: "workspace:^"
  languageName: unknown
  linkType: soft
